
Microsoft Visual Studio Solution File, Format Version 12.00
# Visual Studio Version 17
VisualStudioVersion = 17.5.33530.505
MinimumVisualStudioVersion = 10.0.40219.1
Project("{FAE04EC0-301F-11D3-BF4B-00C04F79EFBC}") = "Travel_Agancy", "Travel_Agancy\Travel_Agancy.csproj", "{F7B0AAAD-2717-4BEB-B3CF-D6BDF09998EB}"
EndProject
Global
	GlobalSection(SolutionConfigurationPlatforms) = preSolution
		Debug|Any CPU = Debug|Any CPU
		Release|Any CPU = Release|Any CPU
	EndGlobalSection
	GlobalSection(ProjectConfigurationPlatforms) = postSolution
		{F7B0AAAD-2717-4BEB-B3CF-D6BDF09998EB}.Debug|Any CPU.ActiveCfg = Debug|Any CPU
		{F7B0AAAD-2717-4BEB-B3CF-D6BDF09998EB}.Debug|Any CPU.Build.0 = Debug|Any CPU
		{F7B0AAAD-2717-4BEB-B3CF-D6BDF09998EB}.Release|Any CPU.ActiveCfg = Release|Any CPU
		{F7B0AAAD-2717-4BEB-B3CF-D6BDF09998EB}.Release|Any CPU.Build.0 = Release|Any CPU
	EndGlobalSection
	GlobalSection(SolutionProperties) = preSolution
		HideSolutionNode = FALSE
	EndGlobalSection
	GlobalSection(ExtensibilityGlobals) = postSolution
		SolutionGuid = {72375909-B9E8-4C96-B1BC-2D736B7EB366}
	EndGlobalSection
EndGlobal
